
Microsoft Visual Studio Solution File, Format Version 12.00
# Visual Studio Version 16
VisualStudioVersion = 16.0.28729.10
MinimumVisualStudioVersion = 10.0.40219.1
Project("{FAE04EC0-301F-11D3-BF4B-00C04F79EFBC}") = "task12UP", "task12UP\task12UP.csproj", "{805AF801-A4DD-413E-A30B-4853C4A41525}"
EndProject
Global
	GlobalSection(SolutionConfigurationPlatforms) = preSolution
		Debug|Any CPU = Debug|Any CPU
		Release|Any CPU = Release|Any CPU
	EndGlobalSection
	GlobalSection(ProjectConfigurationPlatforms) = postSolution
		{805AF801-A4DD-413E-A30B-4853C4A41525}.Debug|Any CPU.ActiveCfg = Debug|Any CPU
		{805AF801-A4DD-413E-A30B-4853C4A41525}.Debug|Any CPU.Build.0 = Debug|Any CPU
		{805AF801-A4DD-413E-A30B-4853C4A41525}.Release|Any CPU.ActiveCfg = Release|Any CPU
		{805AF801-A4DD-413E-A30B-4853C4A41525}.Release|Any CPU.Build.0 = Release|Any CPU
	EndGlobalSection
	GlobalSection(SolutionProperties) = preSolution
		HideSolutionNode = FALSE
	EndGlobalSection
	GlobalSection(ExtensibilityGlobals) = postSolution
		SolutionGuid = {C017E67E-1D13-4B23-AF81-E96DE1983535}
	EndGlobalSection
EndGlobal
